// !$*UTF8*$!
{
	archiveVersion = 1;
	classes = {
	};
	objectVersion = 56;
	objects = {

/* Begin PBXBuildFile section */
		2BBB31A52987ADD80072F12E /* ContentViewVM.swift in Sources */ = {isa = PBXBuildFile; fileRef = 2BBB31A42987ADD80072F12E /* ContentViewVM.swift */; };
		2BEDCF61298A61FC00B7FE55 /* MemoryAddress.swift in Sources */ = {isa = PBXBuildFile; fileRef = 2BEDCF60298A61FC00B7FE55 /* MemoryAddress.swift */; };
		2BEDCF63298A73FA00B7FE55 /* ReusableView.swift in Sources */ = {isa = PBXBuildFile; fileRef = 2BEDCF62298A73FA00B7FE55 /* ReusableView.swift */; };
		431A4771298790B40056E121 /* LearnCombineApp.swift in Sources */ = {isa = PBXBuildFile; fileRef = 431A4770298790B40056E121 /* LearnCombineApp.swift */; };
		431A4773298790B40056E121 /* ContentView.swift in Sources */ = {isa = PBXBuildFile; fileRef = 431A4772298790B40056E121 /* ContentView.swift */; };
		431A4775298790B60056E121 /* Assets.xcassets in Resources */ = {isa = PBXBuildFile; fileRef = 431A4774298790B60056E121 /* Assets.xcassets */; };
		431A4779298790B60056E121 /* Preview Assets.xcassets in Resources */ = {isa = PBXBuildFile; fileRef = 431A4778298790B60056E121 /* Preview Assets.xcassets */; };
		431A4783298790B70056E121 /* LearnCombineTests.swift in Sources */ = {isa = PBXBuildFile; fileRef = 431A4782298790B70056E121 /* LearnCombineTests.swift */; };
		431A478D298790B70056E121 /* LearnCombineUITests.swift in Sources */ = {isa = PBXBuildFile; fileRef = 431A478C298790B70056E121 /* LearnCombineUITests.swift */; };
		431A478F298790B70056E121 /* LearnCombineUITestsLaunchTests.swift in Sources */ = {isa = PBXBuildFile; fileRef = 431A478E298790B70056E121 /* LearnCombineUITestsLaunchTests.swift */; };
/* End PBXBuildFile section */

/* Begin PBXContainerItemProxy section */
		431A477F298790B60056E121 /* PBXContainerItemProxy */ = {
			isa = PBXContainerItemProxy;
			containerPortal = 431A4765298790B40056E121 /* Project object */;
			proxyType = 1;
			remoteGlobalIDString = 431A476C298790B40056E121;
			remoteInfo = LearnCombine;
		};
		431A4789298790B70056E121 /* PBXContainerItemProxy */ = {
			isa = PBXContainerItemProxy;
			containerPortal = 431A4765298790B40056E121 /* Project object */;
			proxyType = 1;
			remoteGlobalIDString = 431A476C298790B40056E121;
			remoteInfo = LearnCombine;
		};
/* End PBXContainerItemProxy section */

/* Begin PBXFileReference section */
		2BBB31A42987ADD80072F12E /* ContentViewVM.swift */ = {isa = PBXFileReference; lastKnownFileType = sourcecode.swift; path = ContentViewVM.swift; sourceTree = "<group>"; };
		2BEDCF60298A61FC00B7FE55 /* MemoryAddress.swift */ = {isa = PBXFileReference; lastKnownFileType = sourcecode.swift; path = MemoryAddress.swift; sourceTree = "<group>"; };
		2BEDCF62298A73FA00B7FE55 /* ReusableView.swift */ = {isa = PBXFileReference; lastKnownFileType = sourcecode.swift; path = ReusableView.swift; sourceTree = "<group>"; };
		431A476D298790B40056E121 /* LearnCombine.app */ = {isa = PBXFileReference; explicitFileType = wrapper.application; includeInIndex = 0; path = LearnCombine.app; sourceTree = BUILT_PRODUCTS_DIR; };
		431A4770298790B40056E121 /* LearnCombineApp.swift */ = {isa = PBXFileReference; lastKnownFileType = sourcecode.swift; path = LearnCombineApp.swift; sourceTree = "<group>"; };
		431A4772298790B40056E121 /* ContentView.swift */ = {isa = PBXFileReference; lastKnownFileType = sourcecode.swift; path = ContentView.swift; sourceTree = "<group>"; };
		431A4774298790B60056E121 /* Assets.xcassets */ = {isa = PBXFileReference; lastKnownFileType = folder.assetcatalog; path = Assets.xcassets; sourceTree = "<group>"; };
		431A4776298790B60056E121 /* LearnCombine.entitlements */ = {isa = PBXFileReference; lastKnownFileType = text.plist.entitlements; path = LearnCombine.entitlements; sourceTree = "<group>"; };
		431A4778298790B60056E121 /* Preview Assets.xcassets */ = {isa = PBXFileReference; lastKnownFileType = folder.assetcatalog; path = "Preview Assets.xcassets"; sourceTree = "<group>"; };
		431A477E298790B60056E121 /* LearnCombineTests.xctest */ = {isa = PBXFileReference; explicitFileType = wrapper.cfbundle; includeInIndex = 0; path = LearnCombineTests.xctest; sourceTree = BUILT_PRODUCTS_DIR; };
		431A4782298790B70056E121 /* LearnCombineTests.swift */ = {isa = PBXFileReference; lastKnownFileType = sourcecode.swift; path = LearnCombineTests.swift; sourceTree = "<group>"; };
		431A4788298790B70056E121 /* LearnCombineUITests.xctest */ = {isa = PBXFileReference; explicitFileType = wrapper.cfbundle; includeInIndex = 0; path = LearnCombineUITests.xctest; sourceTree = BUILT_PRODUCTS_DIR; };
		431A478C298790B70056E121 /* LearnCombineUITests.swift */ = {isa = PBXFileReference; lastKnownFileType = sourcecode.swift; path = LearnCombineUITests.swift; sourceTree = "<group>"; };
		431A478E298790B70056E121 /* LearnCombineUITestsLaunchTests.swift */ = {isa = PBXFileReference; lastKnownFileType = sourcecode.swift; path = LearnCombineUITestsLaunchTests.swift; sourceTree = "<group>"; };
/* End PBXFileReference section */

/* Begin PBXFrameworksBuildPhase section */
		431A476A298790B40056E121 /* Frameworks */ = {
			isa = PBXFrameworksBuildPhase;
			buildActionMask = 2147483647;
			files = (
			);
			runOnlyForDeploymentPostprocessing = 0;
		};
		431A477B298790B60056E121 /* Frameworks */ = {
			isa = PBXFrameworksBuildPhase;
			buildActionMask = 2147483647;
			files = (
			);
			runOnlyForDeploymentPostprocessing = 0;
		};
		431A4785298790B70056E121 /* Frameworks */ = {
			isa = PBXFrameworksBuildPhase;
			buildActionMask = 2147483647;
			files = (
			);
			runOnlyForDeploymentPostprocessing = 0;
		};
/* End PBXFrameworksBuildPhase section */

/* Begin PBXGroup section */
		431A4764298790B40056E121 = {
			isa = PBXGroup;
			children = (
				431A476F298790B40056E121 /* LearnCombine */,
				431A4781298790B70056E121 /* LearnCombineTests */,
				431A478B298790B70056E121 /* LearnCombineUITests */,
				431A476E298790B40056E121 /* Products */,
			);
			sourceTree = "<group>";
		};
		431A476E298790B40056E121 /* Products */ = {
			isa = PBXGroup;
			children = (
				431A476D298790B40056E121 /* LearnCombine.app */,
				431A477E298790B60056E121 /* LearnCombineTests.xctest */,
				431A4788298790B70056E121 /* LearnCombineUITests.xctest */,
			);
			name = Products;
			sourceTree = "<group>";
		};
		431A476F298790B40056E121 /* LearnCombine */ = {
			isa = PBXGroup;
			children = (
				431A4770298790B40056E121 /* LearnCombineApp.swift */,
				431A4772298790B40056E121 /* ContentView.swift */,
				431A4774298790B60056E121 /* Assets.xcassets */,
				431A4776298790B60056E121 /* LearnCombine.entitlements */,
				431A4777298790B60056E121 /* Preview Content */,
				2BBB31A42987ADD80072F12E /* ContentViewVM.swift */,
				2BEDCF60298A61FC00B7FE55 /* MemoryAddress.swift */,
				2BEDCF62298A73FA00B7FE55 /* ReusableView.swift */,
			);
			path = LearnCombine;
			sourceTree = "<group>";
		};
		431A4777298790B60056E121 /* Preview Content */ = {
			isa = PBXGroup;
			children = (
				431A4778298790B60056E121 /* Preview Assets.xcassets */,
			);
			path = "Preview Content";
			sourceTree = "<group>";
		};
		431A4781298790B70056E121 /* LearnCombineTests */ = {
			isa = PBXGroup;
			children = (
				431A4782298790B70056E121 /* LearnCombineTests.swift */,
			);
			path = LearnCombineTests;
			sourceTree = "<group>";
		};
		431A478B298790B70056E121 /* LearnCombineUITests */ = {
			isa = PBXGroup;
			children = (
				431A478C298790B70056E121 /* LearnCombineUITests.swift */,
				431A478E298790B70056E121 /* LearnCombineUITestsLaunchTests.swift */,
			);
			path = LearnCombineUITests;
			sourceTree = "<group>";
		};
/* End PBXGroup section */

/* Begin PBXNativeTarget section */
		431A476C298790B40056E121 /* LearnCombine */ = {
			isa = PBXNativeTarget;
			buildConfigurationList = 431A4792298790B70056E121 /* Build configuration list for PBXNativeTarget "LearnCombine" */;
			buildPhases = (
				431A4769298790B40056E121 /* Sources */,
				431A476A298790B40056E121 /* Frameworks */,
				431A476B298790B40056E121 /* Resources */,
			);
			buildRules = (
			);
			dependencies = (
			);
			name = LearnCombine;
			productName = LearnCombine;
			productReference = 431A476D298790B40056E121 /* LearnCombine.app */;
			productType = "com.apple.product-type.application";
		};
		431A477D298790B60056E121 /* LearnCombineTests */ = {
			isa = PBXNativeTarget;
			buildConfigurationList = 431A4795298790B70056E121 /* Build configuration list for PBXNativeTarget "LearnCombineTests" */;
			buildPhases = (
				431A477A298790B60056E121 /* Sources */,
				431A477B298790B60056E121 /* Frameworks */,
				431A477C298790B60056E121 /* Resources */,
			);
			buildRules = (
			);
			dependencies = (
				431A4780298790B60056E121 /* PBXTargetDependency */,
			);
			name = LearnCombineTests;
			productName = LearnCombineTests;
			productReference = 431A477E298790B60056E121 /* LearnCombineTests.xctest */;
			productType = "com.apple.product-type.bundle.unit-test";
		};
		431A4787298790B70056E121 /* LearnCombineUITests */ = {
			isa = PBXNativeTarget;
			buildConfigurationList = 431A4798298790B70056E121 /* Build configuration list for PBXNativeTarget "LearnCombineUITests" */;
			buildPhases = (
				431A4784298790B70056E121 /* Sources */,
				431A4785298790B70056E121 /* Frameworks */,
				431A4786298790B70056E121 /* Resources */,
			);
			buildRules = (
			);
			dependencies = (
				431A478A298790B70056E121 /* PBXTargetDependency */,
			);
			name = LearnCombineUITests;
			productName = LearnCombineUITests;
			productReference = 431A4788298790B70056E121 /* LearnCombineUITests.xctest */;
			productType = "com.apple.product-type.bundle.ui-testing";
		};
/* End PBXNativeTarget section */

/* Begin PBXProject section */
		431A4765298790B40056E121 /* Project object */ = {
			isa = PBXProject;
			attributes = {
				BuildIndependentTargetsInParallel = 1;
				LastSwiftUpdateCheck = 1410;
				LastUpgradeCheck = 1410;
				TargetAttributes = {
					431A476C298790B40056E121 = {
						CreatedOnToolsVersion = 14.1;
					};
					431A477D298790B60056E121 = {
						CreatedOnToolsVersion = 14.1;
						TestTargetID = 431A476C298790B40056E121;
					};
					431A4787298790B70056E121 = {
						CreatedOnToolsVersion = 14.1;
						TestTargetID = 431A476C298790B40056E121;
					};
				};
			};
			buildConfigurationList = 431A4768298790B40056E121 /* Build configuration list for PBXProject "LearnCombine" */;
			compatibilityVersion = "Xcode 14.0";
			developmentRegion = en;
			hasScannedForEncodings = 0;
			knownRegions = (
				en,
				Base,
			);
			mainGroup = 431A4764298790B40056E121;
			productRefGroup = 431A476E298790B40056E121 /* Products */;
			projectDirPath = "";
			projectRoot = "";
			targets = (
				431A476C298790B40056E121 /* LearnCombine */,
				431A477D298790B60056E121 /* LearnCombineTests */,
				431A4787298790B70056E121 /* LearnCombineUITests */,
			);
		};
/* End PBXProject section */

/* Begin PBXResourcesBuildPhase section */
		431A476B298790B40056E121 /* Resources */ = {
			isa = PBXResourcesBuildPhase;
			buildActionMask = 2147483647;
			files = (
				431A4779298790B60056E121 /* Preview Assets.xcassets in Resources */,
				431A4775298790B60056E121 /* Assets.xcassets in Resources */,
			);
			runOnlyForDeploymentPostprocessing = 0;
		};
		431A477C298790B60056E121 /* Resources */ = {
			isa = PBXResourcesBuildPhase;
			buildActionMask = 2147483647;
			files = (
			);
			runOnlyForDeploymentPostprocessing = 0;
		};
		431A4786298790B70056E121 /* Resources */ = {
			isa = PBXResourcesBuildPhase;
			buildActionMask = 2147483647;
			files = (
			);
			runOnlyForDeploymentPostprocessing = 0;
		};
/* End PBXResourcesBuildPhase section */

/* Begin PBXSourcesBuildPhase section */
		431A4769298790B40056E121 /* Sources */ = {
			isa = PBXSourcesBuildPhase;
			buildActionMask = 2147483647;
			files = (
				2BBB31A52987ADD80072F12E /* ContentViewVM.swift in Sources */,
				2BEDCF63298A73FA00B7FE55 /* ReusableView.swift in Sources */,
				2BEDCF61298A61FC00B7FE55 /* MemoryAddress.swift in Sources */,
				431A4773298790B40056E121 /* ContentView.swift in Sources */,
				431A4771298790B40056E121 /* LearnCombineApp.swift in Sources */,
			);
			runOnlyForDeploymentPostprocessing = 0;
		};
		431A477A298790B60056E121 /* Sources */ = {
			isa = PBXSourcesBuildPhase;
			buildActionMask = 2147483647;
			files = (
				431A4783298790B70056E121 /* LearnCombineTests.swift in Sources */,
			);
			runOnlyForDeploymentPostprocessing = 0;
		};
		431A4784298790B70056E121 /* Sources */ = {
			isa = PBXSourcesBuildPhase;
			buildActionMask = 2147483647;
			files = (
				431A478D298790B70056E121 /* LearnCombineUITests.swift in Sources */,
				431A478F298790B70056E121 /* LearnCombineUITestsLaunchTests.swift in Sources */,
			);
			runOnlyForDeploymentPostprocessing = 0;
		};
/* End PBXSourcesBuildPhase section */

/* Begin PBXTargetDependency section */
		431A4780298790B60056E121 /* PBXTargetDependency */ = {
			isa = PBXTargetDependency;
			target = 431A476C298790B40056E121 /* LearnCombine */;
			targetProxy = 431A477F298790B60056E121 /* PBXContainerItemProxy */;
		};
		431A478A298790B70056E121 /* PBXTargetDependency */ = {
			isa = PBXTargetDependency;
			target = 431A476C298790B40056E121 /* LearnCombine */;
			targetProxy = 431A4789298790B70056E121 /* PBXContainerItemProxy */;
		};
/* End PBXTargetDependency section */

/* Begin XCBuildConfiguration section */
		431A4790298790B70056E121 /* Debug */ = {
			isa = XCBuildConfiguration;
			buildSettings = {
				ALWAYS_SEARCH_USER_PATHS = NO;
				CLANG_ANALYZER_NONNULL = YES;
				CLANG_ANALYZER_NUMBER_OBJECT_CONVERSION = YES_AGGRESSIVE;
				CLANG_CXX_LANGUAGE_STANDARD = "gnu++20";
				CLANG_ENABLE_MODULES = YES;
				CLANG_ENABLE_OBJC_ARC = YES;
				CLANG_ENABLE_OBJC_WEAK = YES;
				CLANG_WARN_BLOCK_CAPTURE_AUTORELEASING = YES;
				CLANG_WARN_BOOL_CONVERSION = YES;
				CLANG_WARN_COMMA = YES;
				CLANG_WARN_CONSTANT_CONVERSION = YES;
				CLANG_WARN_DEPRECATED_OBJC_IMPLEMENTATIONS = YES;
				CLANG_WARN_DIRECT_OBJC_ISA_USAGE = YES_ERROR;
				CLANG_WARN_DOCUMENTATION_COMMENTS = YES;
				CLANG_WARN_EMPTY_BODY = YES;
				CLANG_WARN_ENUM_CONVERSION = YES;
				CLANG_WARN_INFINITE_RECURSION = YES;
				CLANG_WARN_INT_CONVERSION = YES;
				CLANG_WARN_NON_LITERAL_NULL_CONVERSION = YES;
				CLANG_WARN_OBJC_IMPLICIT_RETAIN_SELF = YES;
				CLANG_WARN_OBJC_LITERAL_CONVERSION = YES;
				CLANG_WARN_OBJC_ROOT_CLASS = YES_ERROR;
				CLANG_WARN_QUOTED_INCLUDE_IN_FRAMEWORK_HEADER = YES;
				CLANG_WARN_RANGE_LOOP_ANALYSIS = YES;
				CLANG_WARN_STRICT_PROTOTYPES = YES;
				CLANG_WARN_SUSPICIOUS_MOVE = YES;
				CLANG_WARN_UNGUARDED_AVAILABILITY = YES_AGGRESSIVE;
				CLANG_WARN_UNREACHABLE_CODE = YES;
				CLANG_WARN__DUPLICATE_METHOD_MATCH = YES;
				COPY_PHASE_STRIP = NO;
				DEBUG_INFORMATION_FORMAT = dwarf;
				ENABLE_STRICT_OBJC_MSGSEND = YES;
				ENABLE_TESTABILITY = YES;
				GCC_C_LANGUAGE_STANDARD = gnu11;
				GCC_DYNAMIC_NO_PIC = NO;
				GCC_NO_COMMON_BLOCKS = YES;
				GCC_OPTIMIZATION_LEVEL = 0;
				GCC_PREPROCESSOR_DEFINITIONS = (
					"DEBUG=1",
					"$(inherited)",
				);
				GCC_WARN_64_TO_32_BIT_CONVERSION = YES;
				GCC_WARN_ABOUT_RETURN_TYPE = YES_ERROR;
				GCC_WARN_UNDECLARED_SELECTOR = YES;
				GCC_WARN_UNINITIALIZED_AUTOS = YES_AGGRESSIVE;
				GCC_WARN_UNUSED_FUNCTION = YES;
				GCC_WARN_UNUSED_VARIABLE = YES;
				IPHONEOS_DEPLOYMENT_TARGET = 14.0;
				MTL_ENABLE_DEBUG_INFO = INCLUDE_SOURCE;
				MTL_FAST_MATH = YES;
				ONLY_ACTIVE_ARCH = YES;
				SWIFT_ACTIVE_COMPILATION_CONDITIONS = DEBUG;
				SWIFT_OPTIMIZATION_LEVEL = "-Onone";
			};
			name = Debug;
		};
		431A4791298790B70056E121 /* Release */ = {
			isa = XCBuildConfiguration;
			buildSettings = {
				ALWAYS_SEARCH_USER_PATHS = NO;
				CLANG_ANALYZER_NONNULL = YES;
				CLANG_ANALYZER_NUMBER_OBJECT_CONVERSION = YES_AGGRESSIVE;
				CLANG_CXX_LANGUAGE_STANDARD = "gnu++20";
				CLANG_ENABLE_MODULES = YES;
				CLANG_ENABLE_OBJC_ARC = YES;
				CLANG_ENABLE_OBJC_WEAK = YES;
				CLANG_WARN_BLOCK_CAPTURE_AUTORELEASING = YES;
				CLANG_WARN_BOOL_CONVERSION = YES;
				CLANG_WARN_COMMA = YES;
				CLANG_WARN_CONSTANT_CONVERSION = YES;
				CLANG_WARN_DEPRECATED_OBJC_IMPLEMENTATIONS = YES;
				CLANG_WARN_DIRECT_OBJC_ISA_USAGE = YES_ERROR;
				CLANG_WARN_DOCUMENTATION_COMMENTS = YES;
				CLANG_WARN_EMPTY_BODY = YES;
				CLANG_WARN_ENUM_CONVERSION = YES;
				CLANG_WARN_INFINITE_RECURSION = YES;
				CLANG_WARN_INT_CONVERSION = YES;
				CLANG_WARN_NON_LITERAL_NULL_CONVERSION = YES;
				CLANG_WARN_OBJC_IMPLICIT_RETAIN_SELF = YES;
				CLANG_WARN_OBJC_LITERAL_CONVERSION = YES;
				CLANG_WARN_OBJC_ROOT_CLASS = YES_ERROR;
				CLANG_WARN_QUOTED_INCLUDE_IN_FRAMEWORK_HEADER = YES;
				CLANG_WARN_RANGE_LOOP_ANALYSIS = YES;
				CLANG_WARN_STRICT_PROTOTYPES = YES;
				CLANG_WARN_SUSPICIOUS_MOVE = YES;
				CLANG_WARN_UNGUARDED_AVAILABILITY = YES_AGGRESSIVE;
				CLANG_WARN_UNREACHABLE_CODE = YES;
				CLANG_WARN__DUPLICATE_METHOD_MATCH = YES;
				COPY_PHASE_STRIP = NO;
				DEBUG_INFORMATION_FORMAT = "dwarf-with-dsym";
				ENABLE_NS_ASSERTIONS = NO;
				ENABLE_STRICT_OBJC_MSGSEND = YES;
				GCC_C_LANGUAGE_STANDARD = gnu11;
				GCC_NO_COMMON_BLOCKS = YES;
				GCC_WARN_64_TO_32_BIT_CONVERSION = YES;
				GCC_WARN_ABOUT_RETURN_TYPE = YES_ERROR;
				GCC_WARN_UNDECLARED_SELECTOR = YES;
				GCC_WARN_UNINITIALIZED_AUTOS = YES_AGGRESSIVE;
				GCC_WARN_UNUSED_FUNCTION = YES;
				GCC_WARN_UNUSED_VARIABLE = YES;
				IPHONEOS_DEPLOYMENT_TARGET = 14.0;
				MTL_ENABLE_DEBUG_INFO = NO;
				MTL_FAST_MATH = YES;
				SWIFT_COMPILATION_MODE = wholemodule;
				SWIFT_OPTIMIZATION_LEVEL = "-O";
			};
			name = Release;
		};
		431A4793298790B70056E121 /* Debug */ = {
			isa = XCBuildConfiguration;
			buildSettings = {
				ASSETCATALOG_COMPILER_APPICON_NAME = AppIcon;
				ASSETCATALOG_COMPILER_GLOBAL_ACCENT_COLOR_NAME = AccentColor;
				CODE_SIGN_ENTITLEMENTS = LearnCombine/LearnCombine.entitlements;
				CODE_SIGN_STYLE = Automatic;
				CURRENT_PROJECT_VERSION = 1;
				DEVELOPMENT_ASSET_PATHS = "\"LearnCombine/Preview Content\"";
				ENABLE_PREVIEWS = YES;
				GENERATE_INFOPLIST_FILE = YES;
				"INFOPLIST_KEY_UIApplicationSceneManifest_Generation[sdk=iphoneos*]" = YES;
				"INFOPLIST_KEY_UIApplicationSceneManifest_Generation[sdk=iphonesimulator*]" = YES;
				"INFOPLIST_KEY_UIApplicationSupportsIndirectInputEvents[sdk=iphoneos*]" = YES;
				"INFOPLIST_KEY_UIApplicationSupportsIndirectInputEvents[sdk=iphonesimulator*]" = YES;
				"INFOPLIST_KEY_UILaunchScreen_Generation[sdk=iphoneos*]" = YES;
				"INFOPLIST_KEY_UILaunchScreen_Generation[sdk=iphonesimulator*]" = YES;
				"INFOPLIST_KEY_UIStatusBarStyle[sdk=iphoneos*]" = UIStatusBarStyleDefault;
				"INFOPLIST_KEY_UIStatusBarStyle[sdk=iphonesimulator*]" = UIStatusBarStyleDefault;
				INFOPLIST_KEY_UISupportedInterfaceOrientations_iPad = "UIInterfaceOrientationPortrait UIInterfaceOrientationPortraitUpsideDown UIInterfaceOrientationLandscapeLeft UIInterfaceOrientationLandscapeRight";
				INFOPLIST_KEY_UISupportedInterfaceOrientations_iPhone = "UIInterfaceOrientationPortrait UIInterfaceOrientationLandscapeLeft UIInterfaceOrientationLandscapeRight";
				IPHONEOS_DEPLOYMENT_TARGET = 14.0;
				LD_RUNPATH_SEARCH_PATHS = "@executable_path/Frameworks";
				"LD_RUNPATH_SEARCH_PATHS[sdk=macosx*]" = "@executable_path/../Frameworks";
				MACOSX_DEPLOYMENT_TARGET = 12.6;
				MARKETING_VERSION = 1.0;
				PRODUCT_BUNDLE_IDENTIFIER = com.motdev.LearnCombine;
				PRODUCT_NAME = "$(TARGET_NAME)";
				SDKROOT = auto;
				SUPPORTED_PLATFORMS = "iphoneos iphonesimulator macosx";
				SWIFT_EMIT_LOC_STRINGS = YES;
				SWIFT_VERSION = 5.0;
				TARGETED_DEVICE_FAMILY = "1,2";
			};
			name = Debug;
		};
		431A4794298790B70056E121 /* Release */ = {
			isa = XCBuildConfiguration;
			buildSettings = {
				ASSETCATALOG_COMPILER_APPICON_NAME = AppIcon;
				ASSETCATALOG_COMPILER_GLOBAL_ACCENT_COLOR_NAME = AccentColor;
				CODE_SIGN_ENTITLEMENTS = LearnCombine/LearnCombine.entitlements;
				CODE_SIGN_STYLE = Automatic;
				CURRENT_PROJECT_VERSION = 1;
				DEVELOPMENT_ASSET_PATHS = "\"LearnCombine/Preview Content\"";
				ENABLE_PREVIEWS = YES;
				GENERATE_INFOPLIST_FILE = YES;
				"INFOPLIST_KEY_UIApplicationSceneManifest_Generation[sdk=iphoneos*]" = YES;
				"INFOPLIST_KEY_UIApplicationSceneManifest_Generation[sdk=iphonesimulator*]" = YES;
				"INFOPLIST_KEY_UIApplicationSupportsIndirectInputEvents[sdk=iphoneos*]" = YES;
				"INFOPLIST_KEY_UIApplicationSupportsIndirectInputEvents[sdk=iphonesimulator*]" = YES;
				"INFOPLIST_KEY_UILaunchScreen_Generation[sdk=iphoneos*]" = YES;
				"INFOPLIST_KEY_UILaunchScreen_Generation[sdk=iphonesimulator*]" = YES;
				"INFOPLIST_KEY_UIStatusBarStyle[sdk=iphoneos*]" = UIStatusBarStyleDefault;
				"INFOPLIST_KEY_UIStatusBarStyle[sdk=iphonesimulator*]" = UIStatusBarStyleDefault;
				INFOPLIST_KEY_UISupportedInterfaceOrientations_iPad = "UIInterfaceOrientationPortrait UIInterfaceOrientationPortraitUpsideDown UIInterfaceOrientationLandscapeLeft UIInterfaceOrientationLandscapeRight";
				INFOPLIST_KEY_UISupportedInterfaceOrientations_iPhone = "UIInterfaceOrientationPortrait UIInterfaceOrientationLandscapeLeft UIInterfaceOrientationLandscapeRight";
				IPHONEOS_DEPLOYMENT_TARGET = 14.0;
				LD_RUNPATH_SEARCH_PATHS = "@executable_path/Frameworks";
				"LD_RUNPATH_SEARCH_PATHS[sdk=macosx*]" = "@executable_path/../Frameworks";
				MACOSX_DEPLOYMENT_TARGET = 12.6;
				MARKETING_VERSION = 1.0;
				PRODUCT_BUNDLE_IDENTIFIER = com.motdev.LearnCombine;
				PRODUCT_NAME = "$(TARGET_NAME)";
				SDKROOT = auto;
				SUPPORTED_PLATFORMS = "iphoneos iphonesimulator macosx";
				SWIFT_EMIT_LOC_STRINGS = YES;
				SWIFT_VERSION = 5.0;
				TARGETED_DEVICE_FAMILY = "1,2";
			};
			name = Release;
		};
		431A4796298790B70056E121 /* Debug */ = {
			isa = XCBuildConfiguration;
			buildSettings = {
				ALWAYS_EMBED_SWIFT_STANDARD_LIBRARIES = YES;
				BUNDLE_LOADER = "$(TEST_HOST)";
				CODE_SIGN_STYLE = Automatic;
				CURRENT_PROJECT_VERSION = 1;
				GENERATE_INFOPLIST_FILE = YES;
				IPHONEOS_DEPLOYMENT_TARGET = 16.1;
				MACOSX_DEPLOYMENT_TARGET = 12.6;
				MARKETING_VERSION = 1.0;
				PRODUCT_BUNDLE_IDENTIFIER = com.motdev.LearnCombineTests;
				PRODUCT_NAME = "$(TARGET_NAME)";
				SDKROOT = auto;
				SUPPORTED_PLATFORMS = "iphoneos iphonesimulator macosx";
				SWIFT_EMIT_LOC_STRINGS = NO;
				SWIFT_VERSION = 5.0;
				TARGETED_DEVICE_FAMILY = "1,2";
				TEST_HOST = "$(BUILT_PRODUCTS_DIR)/LearnCombine.app/$(BUNDLE_EXECUTABLE_FOLDER_PATH)/LearnCombine";
			};
			name = Debug;
		};
		431A4797298790B70056E121 /* Release */ = {
			isa = XCBuildConfiguration;
			buildSettings = {
				ALWAYS_EMBED_SWIFT_STANDARD_LIBRARIES = YES;
				BUNDLE_LOADER = "$(TEST_HOST)";
				CODE_SIGN_STYLE = Automatic;
				CURRENT_PROJECT_VERSION = 1;
				GENERATE_INFOPLIST_FILE = YES;
				IPHONEOS_DEPLOYMENT_TARGET = 16.1;
				MACOSX_DEPLOYMENT_TARGET = 12.6;
				MARKETING_VERSION = 1.0;
				PRODUCT_BUNDLE_IDENTIFIER = com.motdev.LearnCombineTests;
				PRODUCT_NAME = "$(TARGET_NAME)";
				SDKROOT = auto;
				SUPPORTED_PLATFORMS = "iphoneos iphonesimulator macosx";
				SWIFT_EMIT_LOC_STRINGS = NO;
				SWIFT_VERSION = 5.0;
				TARGETED_DEVICE_FAMILY = "1,2";
				TEST_HOST = "$(BUILT_PRODUCTS_DIR)/LearnCombine.app/$(BUNDLE_EXECUTABLE_FOLDER_PATH)/LearnCombine";
			};
			name = Release;
		};
		431A4799298790B70056E121 /* Debug */ = {
			isa = XCBuildConfiguration;
			buildSettings = {
				ALWAYS_EMBED_SWIFT_STANDARD_LIBRARIES = YES;
				CODE_SIGN_STYLE = Automatic;
				CURRENT_PROJECT_VERSION = 1;
				GENERATE_INFOPLIST_FILE = YES;
				IPHONEOS_DEPLOYMENT_TARGET = 16.1;
				MACOSX_DEPLOYMENT_TARGET = 12.6;
				MARKETING_VERSION = 1.0;
				PRODUCT_BUNDLE_IDENTIFIER = com.motdev.LearnCombineUITests;
				PRODUCT_NAME = "$(TARGET_NAME)";
				SDKROOT = auto;
				SUPPORTED_PLATFORMS = "iphoneos iphonesimulator macosx";
				SWIFT_EMIT_LOC_STRINGS = NO;
				SWIFT_VERSION = 5.0;
				TARGETED_DEVICE_FAMILY = "1,2";
				TEST_TARGET_NAME = LearnCombine;
			};
			name = Debug;
		};
		431A479A298790B70056E121 /* Release */ = {
			isa = XCBuildConfiguration;
			buildSettings = {
				ALWAYS_EMBED_SWIFT_STANDARD_LIBRARIES = YES;
				CODE_SIGN_STYLE = Automatic;
				CURRENT_PROJECT_VERSION = 1;
				GENERATE_INFOPLIST_FILE = YES;
				IPHONEOS_DEPLOYMENT_TARGET = 16.1;
				MACOSX_DEPLOYMENT_TARGET = 12.6;
				MARKETING_VERSION = 1.0;
				PRODUCT_BUNDLE_IDENTIFIER = com.motdev.LearnCombineUITests;
				PRODUCT_NAME = "$(TARGET_NAME)";
				SDKROOT = auto;
				SUPPORTED_PLATFORMS = "iphoneos iphonesimulator macosx";
				SWIFT_EMIT_LOC_STRINGS = NO;
				SWIFT_VERSION = 5.0;
				TARGETED_DEVICE_FAMILY = "1,2";
				TEST_TARGET_NAME = LearnCombine;
			};
			name = Release;
		};
/* End XCBuildConfiguration section */

/* Begin XCConfigurationList section */
		431A4768298790B40056E121 /* Build configuration list for PBXProject "LearnCombine" */ = {
			isa = XCConfigurationList;
			buildConfigurations = (
				431A4790298790B70056E121 /* Debug */,
				431A4791298790B70056E121 /* Release */,
			);
			defaultConfigurationIsVisible = 0;
			defaultConfigurationName = Release;
		};
		431A4792298790B70056E121 /* Build configuration list for PBXNativeTarget "LearnCombine" */ = {
			isa = XCConfigurationList;
			buildConfigurations = (
				431A4793298790B70056E121 /* Debug */,
				431A4794298790B70056E121 /* Release */,
			);
			defaultConfigurationIsVisible = 0;
			defaultConfigurationName = Release;
		};
		431A4795298790B70056E121 /* Build configuration list for PBXNativeTarget "LearnCombineTests" */ = {
			isa = XCConfigurationList;
			buildConfigurations = (
				431A4796298790B70056E121 /* Debug */,
				431A4797298790B70056E121 /* Release */,
			);
			defaultConfigurationIsVisible = 0;
			defaultConfigurationName = Release;
		};
		431A4798298790B70056E121 /* Build configuration list for PBXNativeTarget "LearnCombineUITests" */ = {
			isa = XCConfigurationList;
			buildConfigurations = (
				431A4799298790B70056E121 /* Debug */,
				431A479A298790B70056E121 /* Release */,
			);
			defaultConfigurationIsVisible = 0;
			defaultConfigurationName = Release;
		};
/* End XCConfigurationList section */
	};
	rootObject = 431A4765298790B40056E121 /* Project object */;
}
